
Microsoft Visual Studio Solution File, Format Version 12.00
# Visual Studio Version 16
VisualStudioVersion = 16.0.33027.164
MinimumVisualStudioVersion = 10.0.40219.1
Project("{8BC9CEB8-8B4A-11D0-8D11-00A0C91BC942}") = "p01", "p01\p01.vcxproj", "{F79D561F-0D16-4964-B76D-697DB7F82CED}"
EndProject
Project("{8BC9CEB8-8B4A-11D0-8D11-00A0C91BC942}") = "p02_stringAndIOFormat", "p02_stringAndIOFormat\p02_stringAndIOFormat.vcxproj", "{CED04DE8-EB68-474F-872A-0B5C45A63A24}"
EndProject
Project("{8BC9CEB8-8B4A-11D0-8D11-00A0C91BC942}") = "p03_opAndStatement", "p03_opAndStatement\p03_opAndStatement.vcxproj", "{40E9D7E2-5DC7-4C4E-A0AE-5CBD8C87D1EB}"
EndProject
Project("{8BC9CEB8-8B4A-11D0-8D11-00A0C91BC942}") = "p04_loop", "P04_loop\P04_loop.vcxproj", "{CFCC878A-6BE6-4409-BC51-F1ACCE242D92}"
EndProject
Project("{8BC9CEB8-8B4A-11D0-8D11-00A0C91BC942}") = "p05_control", "p05_control\p05_control.vcxproj", "{BCF6C2FD-D0A2-417F-975E-85D7612A9924}"
EndProject
Project("{8BC9CEB8-8B4A-11D0-8D11-00A0C91BC942}") = "p06_io", "p06_io\p06_io.vcxproj", "{B0C8ABDE-4E10-4610-AC7D-A1AF3A675F5D}"
EndProject
Project("{8BC9CEB8-8B4A-11D0-8D11-00A0C91BC942}") = "p07_func", "p07_func\p07_func.vcxproj", "{E93800AC-8D48-447D-A53B-1EFA6CE93D18}"
EndProject
Project("{8BC9CEB8-8B4A-11D0-8D11-00A0C91BC942}") = "p08_array", "p08_array\p08_array.vcxproj", "{C0F7DBF1-D17F-4CFA-9297-A57A99958CDF}"
EndProject
Project("{8BC9CEB8-8B4A-11D0-8D11-00A0C91BC942}") = "p09_string", "p09_string\p09_string.vcxproj", "{19DB0CEE-8540-4EAD-A77E-F2F73F40F5FD}"
EndProject
Project("{8BC9CEB8-8B4A-11D0-8D11-00A0C91BC942}") = "p10_memory", "P10_memory\P10_memory.vcxproj", "{880B78CE-E852-44E1-B968-16D4F2875BC6}"
EndProject
Project("{8BC9CEB8-8B4A-11D0-8D11-00A0C91BC942}") = "p11_file", "p11_file\p11_file.vcxproj", "{1941A630-A1E1-4316-B2FF-F33EB4DC59F6}"
EndProject
Project("{8BC9CEB8-8B4A-11D0-8D11-00A0C91BC942}") = "p12_struct", "p12_struct\p12_struct.vcxproj", "{EC9D4555-B3DA-44EB-82A7-AE3C535FC97C}"
EndProject
Project("{8BC9CEB8-8B4A-11D0-8D11-00A0C91BC942}") = "p13_preproc", "p13_preproc\p13_preproc.vcxproj", "{27444E54-B164-4396-B34D-CD0068E941C6}"
EndProject
Project("{8BC9CEB8-8B4A-11D0-8D11-00A0C91BC942}") = "p14_adt", "p14_adt\p14_adt.vcxproj", "{02824964-1BF8-40C5-89B7-C3B0537F61FE}"
EndProject
Project("{8BC9CEB8-8B4A-11D0-8D11-00A0C91BC942}") = "p00", "p00\p00.vcxproj", "{2CCD1B64-B2C5-4943-AD10-5AB009A319B5}"
EndProject
Global
	GlobalSection(SolutionConfigurationPlatforms) = preSolution
		Debug|x64 = Debug|x64
		Debug|x86 = Debug|x86
		Release|x64 = Release|x64
		Release|x86 = Release|x86
	EndGlobalSection
	GlobalSection(ProjectConfigurationPlatforms) = postSolution
		{F79D561F-0D16-4964-B76D-697DB7F82CED}.Debug|x64.ActiveCfg = Debug|x64
		{F79D561F-0D16-4964-B76D-697DB7F82CED}.Debug|x64.Build.0 = Debug|x64
		{F79D561F-0D16-4964-B76D-697DB7F82CED}.Debug|x86.ActiveCfg = Debug|Win32
		{F79D561F-0D16-4964-B76D-697DB7F82CED}.Debug|x86.Build.0 = Debug|Win32
		{F79D561F-0D16-4964-B76D-697DB7F82CED}.Release|x64.ActiveCfg = Release|x64
		{F79D561F-0D16-4964-B76D-697DB7F82CED}.Release|x64.Build.0 = Release|x64
		{F79D561F-0D16-4964-B76D-697DB7F82CED}.Release|x86.ActiveCfg = Release|Win32
		{F79D561F-0D16-4964-B76D-697DB7F82CED}.Release|x86.Build.0 = Release|Win32
		{CED04DE8-EB68-474F-872A-0B5C45A63A24}.Debug|x64.ActiveCfg = Debug|x64
		{CED04DE8-EB68-474F-872A-0B5C45A63A24}.Debug|x64.Build.0 = Debug|x64
		{CED04DE8-EB68-474F-872A-0B5C45A63A24}.Debug|x86.ActiveCfg = Debug|Win32
		{CED04DE8-EB68-474F-872A-0B5C45A63A24}.Debug|x86.Build.0 = Debug|Win32
		{CED04DE8-EB68-474F-872A-0B5C45A63A24}.Release|x64.ActiveCfg = Release|x64
		{CED04DE8-EB68-474F-872A-0B5C45A63A24}.Release|x64.Build.0 = Release|x64
		{CED04DE8-EB68-474F-872A-0B5C45A63A24}.Release|x86.ActiveCfg = Release|Win32
		{CED04DE8-EB68-474F-872A-0B5C45A63A24}.Release|x86.Build.0 = Release|Win32
		{40E9D7E2-5DC7-4C4E-A0AE-5CBD8C87D1EB}.Debug|x64.ActiveCfg = Debug|x64
		{40E9D7E2-5DC7-4C4E-A0AE-5CBD8C87D1EB}.Debug|x64.Build.0 = Debug|x64
		{40E9D7E2-5DC7-4C4E-A0AE-5CBD8C87D1EB}.Debug|x86.ActiveCfg = Debug|Win32
		{40E9D7E2-5DC7-4C4E-A0AE-5CBD8C87D1EB}.Debug|x86.Build.0 = Debug|Win32
		{40E9D7E2-5DC7-4C4E-A0AE-5CBD8C87D1EB}.Release|x64.ActiveCfg = Release|x64
		{40E9D7E2-5DC7-4C4E-A0AE-5CBD8C87D1EB}.Release|x64.Build.0 = Release|x64
		{40E9D7E2-5DC7-4C4E-A0AE-5CBD8C87D1EB}.Release|x86.ActiveCfg = Release|Win32
		{40E9D7E2-5DC7-4C4E-A0AE-5CBD8C87D1EB}.Release|x86.Build.0 = Release|Win32
		{CFCC878A-6BE6-4409-BC51-F1ACCE242D92}.Debug|x64.ActiveCfg = Debug|x64
		{CFCC878A-6BE6-4409-BC51-F1ACCE242D92}.Debug|x64.Build.0 = Debug|x64
		{CFCC878A-6BE6-4409-BC51-F1ACCE242D92}.Debug|x86.ActiveCfg = Debug|Win32
		{CFCC878A-6BE6-4409-BC51-F1ACCE242D92}.Debug|x86.Build.0 = Debug|Win32
		{CFCC878A-6BE6-4409-BC51-F1ACCE242D92}.Release|x64.ActiveCfg = Release|x64
		{CFCC878A-6BE6-4409-BC51-F1ACCE242D92}.Release|x64.Build.0 = Release|x64
		{CFCC878A-6BE6-4409-BC51-F1ACCE242D92}.Release|x86.ActiveCfg = Release|Win32
		{CFCC878A-6BE6-4409-BC51-F1ACCE242D92}.Release|x86.Build.0 = Release|Win32
		{BCF6C2FD-D0A2-417F-975E-85D7612A9924}.Debug|x64.ActiveCfg = Debug|x64
		{BCF6C2FD-D0A2-417F-975E-85D7612A9924}.Debug|x64.Build.0 = Debug|x64
		{BCF6C2FD-D0A2-417F-975E-85D7612A9924}.Debug|x86.ActiveCfg = Debug|Win32
		{BCF6C2FD-D0A2-417F-975E-85D7612A9924}.Debug|x86.Build.0 = Debug|Win32
		{BCF6C2FD-D0A2-417F-975E-85D7612A9924}.Release|x64.ActiveCfg = Release|x64
		{BCF6C2FD-D0A2-417F-975E-85D7612A9924}.Release|x64.Build.0 = Release|x64
		{BCF6C2FD-D0A2-417F-975E-85D7612A9924}.Release|x86.ActiveCfg = Release|Win32
		{BCF6C2FD-D0A2-417F-975E-85D7612A9924}.Release|x86.Build.0 = Release|Win32
		{B0C8ABDE-4E10-4610-AC7D-A1AF3A675F5D}.Debug|x64.ActiveCfg = Debug|x64
		{B0C8ABDE-4E10-4610-AC7D-A1AF3A675F5D}.Debug|x64.Build.0 = Debug|x64
		{B0C8ABDE-4E10-4610-AC7D-A1AF3A675F5D}.Debug|x86.ActiveCfg = Debug|Win32
		{B0C8ABDE-4E10-4610-AC7D-A1AF3A675F5D}.Debug|x86.Build.0 = Debug|Win32
		{B0C8ABDE-4E10-4610-AC7D-A1AF3A675F5D}.Release|x64.ActiveCfg = Release|x64
		{B0C8ABDE-4E10-4610-AC7D-A1AF3A675F5D}.Release|x64.Build.0 = Release|x64
		{B0C8ABDE-4E10-4610-AC7D-A1AF3A675F5D}.Release|x86.ActiveCfg = Release|Win32
		{B0C8ABDE-4E10-4610-AC7D-A1AF3A675F5D}.Release|x86.Build.0 = Release|Win32
		{E93800AC-8D48-447D-A53B-1EFA6CE93D18}.Debug|x64.ActiveCfg = Debug|x64
		{E93800AC-8D48-447D-A53B-1EFA6CE93D18}.Debug|x64.Build.0 = Debug|x64
		{E93800AC-8D48-447D-A53B-1EFA6CE93D18}.Debug|x86.ActiveCfg = Debug|Win32
		{E93800AC-8D48-447D-A53B-1EFA6CE93D18}.Debug|x86.Build.0 = Debug|Win32
		{E93800AC-8D48-447D-A53B-1EFA6CE93D18}.Release|x64.ActiveCfg = Release|x64
		{E93800AC-8D48-447D-A53B-1EFA6CE93D18}.Release|x64.Build.0 = Release|x64
		{E93800AC-8D48-447D-A53B-1EFA6CE93D18}.Release|x86.ActiveCfg = Release|Win32
		{E93800AC-8D48-447D-A53B-1EFA6CE93D18}.Release|x86.Build.0 = Release|Win32
		{C0F7DBF1-D17F-4CFA-9297-A57A99958CDF}.Debug|x64.ActiveCfg = Debug|x64
		{C0F7DBF1-D17F-4CFA-9297-A57A99958CDF}.Debug|x64.Build.0 = Debug|x64
		{C0F7DBF1-D17F-4CFA-9297-A57A99958CDF}.Debug|x86.ActiveCfg = Debug|Win32
		{C0F7DBF1-D17F-4CFA-9297-A57A99958CDF}.Debug|x86.Build.0 = Debug|Win32
		{C0F7DBF1-D17F-4CFA-9297-A57A99958CDF}.Release|x64.ActiveCfg = Release|x64
		{C0F7DBF1-D17F-4CFA-9297-A57A99958CDF}.Release|x64.Build.0 = Release|x64
		{C0F7DBF1-D17F-4CFA-9297-A57A99958CDF}.Release|x86.ActiveCfg = Release|Win32
		{C0F7DBF1-D17F-4CFA-9297-A57A99958CDF}.Release|x86.Build.0 = Release|Win32
		{19DB0CEE-8540-4EAD-A77E-F2F73F40F5FD}.Debug|x64.ActiveCfg = Debug|x64
		{19DB0CEE-8540-4EAD-A77E-F2F73F40F5FD}.Debug|x64.Build.0 = Debug|x64
		{19DB0CEE-8540-4EAD-A77E-F2F73F40F5FD}.Debug|x86.ActiveCfg = Debug|Win32
		{19DB0CEE-8540-4EAD-A77E-F2F73F40F5FD}.Debug|x86.Build.0 = Debug|Win32
		{19DB0CEE-8540-4EAD-A77E-F2F73F40F5FD}.Release|x64.ActiveCfg = Release|x64
		{19DB0CEE-8540-4EAD-A77E-F2F73F40F5FD}.Release|x64.Build.0 = Release|x64
		{19DB0CEE-8540-4EAD-A77E-F2F73F40F5FD}.Release|x86.ActiveCfg = Release|Win32
		{19DB0CEE-8540-4EAD-A77E-F2F73F40F5FD}.Release|x86.Build.0 = Release|Win32
		{880B78CE-E852-44E1-B968-16D4F2875BC6}.Debug|x64.ActiveCfg = Debug|x64
		{880B78CE-E852-44E1-B968-16D4F2875BC6}.Debug|x64.Build.0 = Debug|x64
		{880B78CE-E852-44E1-B968-16D4F2875BC6}.Debug|x86.ActiveCfg = Debug|Win32
		{880B78CE-E852-44E1-B968-16D4F2875BC6}.Debug|x86.Build.0 = Debug|Win32
		{880B78CE-E852-44E1-B968-16D4F2875BC6}.Release|x64.ActiveCfg = Release|x64
		{880B78CE-E852-44E1-B968-16D4F2875BC6}.Release|x64.Build.0 = Release|x64
		{880B78CE-E852-44E1-B968-16D4F2875BC6}.Release|x86.ActiveCfg = Release|Win32
		{880B78CE-E852-44E1-B968-16D4F2875BC6}.Release|x86.Build.0 = Release|Win32
		{1941A630-A1E1-4316-B2FF-F33EB4DC59F6}.Debug|x64.ActiveCfg = Debug|x64
		{1941A630-A1E1-4316-B2FF-F33EB4DC59F6}.Debug|x64.Build.0 = Debug|x64
		{1941A630-A1E1-4316-B2FF-F33EB4DC59F6}.Debug|x86.ActiveCfg = Debug|Win32
		{1941A630-A1E1-4316-B2FF-F33EB4DC59F6}.Debug|x86.Build.0 = Debug|Win32
		{1941A630-A1E1-4316-B2FF-F33EB4DC59F6}.Release|x64.ActiveCfg = Release|x64
		{1941A630-A1E1-4316-B2FF-F33EB4DC59F6}.Release|x64.Build.0 = Release|x64
		{1941A630-A1E1-4316-B2FF-F33EB4DC59F6}.Release|x86.ActiveCfg = Release|Win32
		{1941A630-A1E1-4316-B2FF-F33EB4DC59F6}.Release|x86.Build.0 = Release|Win32
		{EC9D4555-B3DA-44EB-82A7-AE3C535FC97C}.Debug|x64.ActiveCfg = Debug|x64
		{EC9D4555-B3DA-44EB-82A7-AE3C535FC97C}.Debug|x64.Build.0 = Debug|x64
		{EC9D4555-B3DA-44EB-82A7-AE3C535FC97C}.Debug|x86.ActiveCfg = Debug|Win32
		{EC9D4555-B3DA-44EB-82A7-AE3C535FC97C}.Debug|x86.Build.0 = Debug|Win32
		{EC9D4555-B3DA-44EB-82A7-AE3C535FC97C}.Release|x64.ActiveCfg = Release|x64
		{EC9D4555-B3DA-44EB-82A7-AE3C535FC97C}.Release|x64.Build.0 = Release|x64
		{EC9D4555-B3DA-44EB-82A7-AE3C535FC97C}.Release|x86.ActiveCfg = Release|Win32
		{EC9D4555-B3DA-44EB-82A7-AE3C535FC97C}.Release|x86.Build.0 = Release|Win32
		{27444E54-B164-4396-B34D-CD0068E941C6}.Debug|x64.ActiveCfg = Debug|x64
		{27444E54-B164-4396-B34D-CD0068E941C6}.Debug|x64.Build.0 = Debug|x64
		{27444E54-B164-4396-B34D-CD0068E941C6}.Debug|x86.ActiveCfg = Debug|Win32
		{27444E54-B164-4396-B34D-CD0068E941C6}.Debug|x86.Build.0 = Debug|Win32
		{27444E54-B164-4396-B34D-CD0068E941C6}.Release|x64.ActiveCfg = Release|x64
		{27444E54-B164-4396-B34D-CD0068E941C6}.Release|x64.Build.0 = Release|x64
		{27444E54-B164-4396-B34D-CD0068E941C6}.Release|x86.ActiveCfg = Release|Win32
		{27444E54-B164-4396-B34D-CD0068E941C6}.Release|x86.Build.0 = Release|Win32
		{02824964-1BF8-40C5-89B7-C3B0537F61FE}.Debug|x64.ActiveCfg = Debug|x64
		{02824964-1BF8-40C5-89B7-C3B0537F61FE}.Debug|x64.Build.0 = Debug|x64
		{02824964-1BF8-40C5-89B7-C3B0537F61FE}.Debug|x86.ActiveCfg = Debug|Win32
		{02824964-1BF8-40C5-89B7-C3B0537F61FE}.Debug|x86.Build.0 = Debug|Win32
		{02824964-1BF8-40C5-89B7-C3B0537F61FE}.Release|x64.ActiveCfg = Release|x64
		{02824964-1BF8-40C5-89B7-C3B0537F61FE}.Release|x64.Build.0 = Release|x64
		{02824964-1BF8-40C5-89B7-C3B0537F61FE}.Release|x86.ActiveCfg = Release|Win32
		{02824964-1BF8-40C5-89B7-C3B0537F61FE}.Release|x86.Build.0 = Release|Win32
		{2CCD1B64-B2C5-4943-AD10-5AB009A319B5}.Debug|x64.ActiveCfg = Debug|x64
		{2CCD1B64-B2C5-4943-AD10-5AB009A319B5}.Debug|x64.Build.0 = Debug|x64
		{2CCD1B64-B2C5-4943-AD10-5AB009A319B5}.Debug|x86.ActiveCfg = Debug|Win32
		{2CCD1B64-B2C5-4943-AD10-5AB009A319B5}.Debug|x86.Build.0 = Debug|Win32
		{2CCD1B64-B2C5-4943-AD10-5AB009A319B5}.Release|x64.ActiveCfg = Release|x64
		{2CCD1B64-B2C5-4943-AD10-5AB009A319B5}.Release|x64.Build.0 = Release|x64
		{2CCD1B64-B2C5-4943-AD10-5AB009A319B5}.Release|x86.ActiveCfg = Release|Win32
		{2CCD1B64-B2C5-4943-AD10-5AB009A319B5}.Release|x86.Build.0 = Release|Win32
	EndGlobalSection
	GlobalSection(SolutionProperties) = preSolution
		HideSolutionNode = FALSE
	EndGlobalSection
	GlobalSection(ExtensibilityGlobals) = postSolution
		SolutionGuid = {337BA4DB-9057-40BB-B4E1-DAA9DFEC1244}
	EndGlobalSection
EndGlobal
