<?xml version="1.0" encoding="utf-8"?>
<Project ToolsVersion="4.0" xmlns="http://schemas.microsoft.com/developer/msbuild/2003">
  <ItemGroup>
    <Filter Include="소스 파일">
      <UniqueIdentifier>{4FC737F1-C7A5-4376-A066-2A32D752A2FF}</UniqueIdentifier>
      <Extensions>cpp;c;cc;cxx;c++;cppm;ixx;def;odl;idl;hpj;bat;asm;asmx</Extensions>
    </Filter>
    <Filter Include="헤더 파일">
      <UniqueIdentifier>{93995380-89BD-4b04-88EB-625FBE52EBFB}</UniqueIdentifier>
      <Extensions>h;hh;hpp;hxx;h++;hm;inl;inc;ipp;xsd</Extensions>
    </Filter>
    <Filter Include="리소스 파일">
      <UniqueIdentifier>{67DA6AB6-F800-4c08-8B7A-83BB121AAD01}</UniqueIdentifier>
      <Extensions>rc;ico;cur;bmp;dlg;rc2;rct;bin;rgs;gif;jpg;jpeg;jpe;resx;tiff;tif;png;wav;mfcribbon-ms</Extensions>
    </Filter>
  </ItemGroup>
  <ItemGroup>
    <ClCompile Include="B00_strings.c">
      <Filter>소스 파일</Filter>
    </ClCompile>
    <ClCompile Include="B01_strptr.c">
      <Filter>소스 파일</Filter>
    </ClCompile>
    <ClCompile Include="B02_addresses.c">
      <Filter>소스 파일</Filter>
    </ClCompile>
    <ClCompile Include="B03_arrchar.c">
      <Filter>소스 파일</Filter>
    </ClCompile>
    <ClCompile Include="B04_p_and_s.c">
      <Filter>소스 파일</Filter>
    </ClCompile>
    <ClCompile Include="B05_getsputs.c">
      <Filter>소스 파일</Filter>
    </ClCompile>
    <ClCompile Include="B06_fgets.c">
      <Filter>소스 파일</Filter>
    </ClCompile>
    <ClCompile Include="B07_fgets2.c">
      <Filter>소스 파일</Filter>
    </ClCompile>
    <ClCompile Include="B08_fgets3.c">
      <Filter>소스 파일</Filter>
    </ClCompile>
    <ClCompile Include="B09_scanf.c">
      <Filter>소스 파일</Filter>
    </ClCompile>
    <ClCompile Include="B10_puts.c">
      <Filter>소스 파일</Filter>
    </ClCompile>
    <ClCompile Include="B11_nono.c">
      <Filter>소스 파일</Filter>
    </ClCompile>
    <ClCompile Include="B12_puts_fputs.c">
      <Filter>소스 파일</Filter>
    </ClCompile>
    <ClCompile Include="B13_user_def.c">
      <Filter>소스 파일</Filter>
    </ClCompile>
    <ClCompile Include="B14_strlen.c">
      <Filter>소스 파일</Filter>
    </ClCompile>
    <ClCompile Include="B15_strcat.c">
      <Filter>소스 파일</Filter>
    </ClCompile>
    <ClCompile Include="B16_strncat.c">
      <Filter>소스 파일</Filter>
    </ClCompile>
    <ClCompile Include="B17_strcmp.c">
      <Filter>소스 파일</Filter>
    </ClCompile>
    <ClCompile Include="B18_strcmp.c">
      <Filter>소스 파일</Filter>
    </ClCompile>
    <ClCompile Include="B19_strcmp.c">
      <Filter>소스 파일</Filter>
    </ClCompile>
    <ClCompile Include="B20_strncmp.c">
      <Filter>소스 파일</Filter>
    </ClCompile>
    <ClCompile Include="B21_strcpy.c">
      <Filter>소스 파일</Filter>
    </ClCompile>
    <ClCompile Include="B22_strcpy.c">
      <Filter>소스 파일</Filter>
    </ClCompile>
    <ClCompile Include="B23_strncpy.c">
      <Filter>소스 파일</Filter>
    </ClCompile>
    <ClCompile Include="B24_sprintf.c">
      <Filter>소스 파일</Filter>
    </ClCompile>
    <ClCompile Include="B25_strSort.c">
      <Filter>소스 파일</Filter>
    </ClCompile>
    <ClCompile Include="B26_mod_str.c">
      <Filter>소스 파일</Filter>
    </ClCompile>
    <ClCompile Include="B27_atoi.c">
      <Filter>소스 파일</Filter>
    </ClCompile>
    <ClCompile Include="B28_strtol.c">
      <Filter>소스 파일</Filter>
    </ClCompile>
    <ClCompile Include="note.c">
      <Filter>소스 파일</Filter>
    </ClCompile>
    <ClCompile Include="myString.c">
      <Filter>소스 파일</Filter>
    </ClCompile>
    <ClCompile Include="B29_etc.c">
      <Filter>소스 파일</Filter>
    </ClCompile>
    <ClCompile Include="Q01_02.c">
      <Filter>소스 파일</Filter>
    </ClCompile>
    <ClCompile Include="Q03_04.c">
      <Filter>소스 파일</Filter>
    </ClCompile>
    <ClCompile Include="Q05.c">
      <Filter>소스 파일</Filter>
    </ClCompile>
    <ClCompile Include="Q06.c">
      <Filter>소스 파일</Filter>
    </ClCompile>
    <ClCompile Include="Q07.c">
      <Filter>소스 파일</Filter>
    </ClCompile>
    <ClCompile Include="Q08.c">
      <Filter>소스 파일</Filter>
    </ClCompile>
    <ClCompile Include="Q09.c">
      <Filter>소스 파일</Filter>
    </ClCompile>
    <ClCompile Include="Q10.c">
      <Filter>소스 파일</Filter>
    </ClCompile>
    <ClCompile Include="Q11.c">
      <Filter>소스 파일</Filter>
    </ClCompile>
  </ItemGroup>
  <ItemGroup>
    <ClInclude Include="myString.h">
      <Filter>헤더 파일</Filter>
    </ClInclude>
  </ItemGroup>
</Project>